// !$*UTF8*$!
{
	archiveVersion = 1;
	classes = {
	};
	objectVersion = 56;
	objects = {

/* Begin PBXBuildFile section */
		54E355AB2AC84F9200735BBC /* APIEndpoints.swift in Sources */ = {isa = PBXBuildFile; fileRef = 54E355AA2AC84F9200735BBC /* APIEndpoints.swift */; };
		54E355AD2AC8513300735BBC /* APIVersions.swift in Sources */ = {isa = PBXBuildFile; fileRef = 54E355AC2AC8513300735BBC /* APIVersions.swift */; };
		54E355AF2AC8533000735BBC /* NetworkManager.swift in Sources */ = {isa = PBXBuildFile; fileRef = 54E355AE2AC8533000735BBC /* NetworkManager.swift */; };
		54E355B12AC8535C00735BBC /* NetworkError.swift in Sources */ = {isa = PBXBuildFile; fileRef = 54E355B02AC8535C00735BBC /* NetworkError.swift */; };
		54E355B42AC92FC400735BBC /* NetworkManagerProtocol.swift in Sources */ = {isa = PBXBuildFile; fileRef = 54E355B32AC92FC400735BBC /* NetworkManagerProtocol.swift */; };
		54E355B92AC9306F00735BBC /* UseCaseProtocol.swift in Sources */ = {isa = PBXBuildFile; fileRef = 54E355B82AC9306F00735BBC /* UseCaseProtocol.swift */; };
		54E355BB2AC930D400735BBC /* UseCase.swift in Sources */ = {isa = PBXBuildFile; fileRef = 54E355BA2AC930D400735BBC /* UseCase.swift */; };
		54E355BD2AC9349A00735BBC /* FetchTrendingMovies.swift in Sources */ = {isa = PBXBuildFile; fileRef = 54E355BC2AC9349A00735BBC /* FetchTrendingMovies.swift */; };
		54E355C02AC9551D00735BBC /* HomeRouter.swift in Sources */ = {isa = PBXBuildFile; fileRef = 54E355BF2AC9551D00735BBC /* HomeRouter.swift */; };
		54E355C22AC9553500735BBC /* HomeInteractor.swift in Sources */ = {isa = PBXBuildFile; fileRef = 54E355C12AC9553500735BBC /* HomeInteractor.swift */; };
		54E355C42AC9554600735BBC /* HomePresenter.swift in Sources */ = {isa = PBXBuildFile; fileRef = 54E355C32AC9554600735BBC /* HomePresenter.swift */; };
		54E355C72AC955AD00735BBC /* HomeRouterProtocol.swift in Sources */ = {isa = PBXBuildFile; fileRef = 54E355C62AC955AD00735BBC /* HomeRouterProtocol.swift */; };
		54E355CA2AC956AD00735BBC /* HomeViewControllerProtocol.swift in Sources */ = {isa = PBXBuildFile; fileRef = 54E355C92AC956AD00735BBC /* HomeViewControllerProtocol.swift */; };
		54E355CF2AC9577A00735BBC /* HomePresenterProtocol.swift in Sources */ = {isa = PBXBuildFile; fileRef = 54E355CE2AC9577A00735BBC /* HomePresenterProtocol.swift */; };
		54E355D12AC9580E00735BBC /* HomeInteractorInputProtocol.swift in Sources */ = {isa = PBXBuildFile; fileRef = 54E355D02AC9580E00735BBC /* HomeInteractorInputProtocol.swift */; };
		54E355D32AC9583000735BBC /* HomeInteractorOutputProtocol.swift in Sources */ = {isa = PBXBuildFile; fileRef = 54E355D22AC9583000735BBC /* HomeInteractorOutputProtocol.swift */; };
		54E355D52AC9664E00735BBC /* APIBaseURL.swift in Sources */ = {isa = PBXBuildFile; fileRef = 54E355D42AC9664E00735BBC /* APIBaseURL.swift */; };
		54E355D72AC968A100735BBC /* FetchPoster.swift in Sources */ = {isa = PBXBuildFile; fileRef = 54E355D62AC968A100735BBC /* FetchPoster.swift */; };
		54E355DA2AC9A16500735BBC /* Movie.swift in Sources */ = {isa = PBXBuildFile; fileRef = 54E355D92AC9A16500735BBC /* Movie.swift */; };
		54EAAA572AB5C0440091A383 /* AppDelegate.swift in Sources */ = {isa = PBXBuildFile; fileRef = 54EAAA562AB5C0440091A383 /* AppDelegate.swift */; };
		54EAAA592AB5C0440091A383 /* SceneDelegate.swift in Sources */ = {isa = PBXBuildFile; fileRef = 54EAAA582AB5C0440091A383 /* SceneDelegate.swift */; };
		54EAAA5B2AB5C0440091A383 /* HomeViewController.swift in Sources */ = {isa = PBXBuildFile; fileRef = 54EAAA5A2AB5C0440091A383 /* HomeViewController.swift */; };
		54EAAA602AB5C0450091A383 /* Assets.xcassets in Resources */ = {isa = PBXBuildFile; fileRef = 54EAAA5F2AB5C0450091A383 /* Assets.xcassets */; };
		54EAAA632AB5C0450091A383 /* LaunchScreen.storyboard in Resources */ = {isa = PBXBuildFile; fileRef = 54EAAA612AB5C0450091A383 /* LaunchScreen.storyboard */; };
		54EAAA6C2AB5C65E0091A383 /* GoogleService-Info.plist in Resources */ = {isa = PBXBuildFile; fileRef = 54EAAA6B2AB5C65D0091A383 /* GoogleService-Info.plist */; };
		54EAAA6F2AB5C7D80091A383 /* FirebaseAuth in Frameworks */ = {isa = PBXBuildFile; productRef = 54EAAA6E2AB5C7D80091A383 /* FirebaseAuth */; };
		54EAAA712AB607880091A383 /* StartVC.swift in Sources */ = {isa = PBXBuildFile; fileRef = 54EAAA702AB607880091A383 /* StartVC.swift */; };
		54EAAA742AB707E30091A383 /* SignUpVC.swift in Sources */ = {isa = PBXBuildFile; fileRef = 54EAAA732AB707E30091A383 /* SignUpVC.swift */; };
		54EAAA772AB713F30091A383 /* LoginVC.swift in Sources */ = {isa = PBXBuildFile; fileRef = 54EAAA762AB713F30091A383 /* LoginVC.swift */; };
		54ECF5BA2AB88416006F2162 /* UIButton+Extension.swift in Sources */ = {isa = PBXBuildFile; fileRef = 54ECF5B92AB88416006F2162 /* UIButton+Extension.swift */; };
		54ECF5BC2AB88446006F2162 /* UITextField+Extension.swift in Sources */ = {isa = PBXBuildFile; fileRef = 54ECF5BB2AB88446006F2162 /* UITextField+Extension.swift */; };
		54ECF5BE2AB8873B006F2162 /* Validator.swift in Sources */ = {isa = PBXBuildFile; fileRef = 54ECF5BD2AB8873B006F2162 /* Validator.swift */; };
		54ECF5C12AB8A226006F2162 /* ColorConstants.swift in Sources */ = {isa = PBXBuildFile; fileRef = 54ECF5C02AB8A226006F2162 /* ColorConstants.swift */; };
		54ECF5C32AB8B34F006F2162 /* ImageConstants.swift in Sources */ = {isa = PBXBuildFile; fileRef = 54ECF5C22AB8B34F006F2162 /* ImageConstants.swift */; };
/* End PBXBuildFile section */

/* Begin PBXFileReference section */
		54E355AA2AC84F9200735BBC /* APIEndpoints.swift */ = {isa = PBXFileReference; lastKnownFileType = sourcecode.swift; path = APIEndpoints.swift; sourceTree = "<group>"; };
		54E355AC2AC8513300735BBC /* APIVersions.swift */ = {isa = PBXFileReference; lastKnownFileType = sourcecode.swift; path = APIVersions.swift; sourceTree = "<group>"; };
		54E355AE2AC8533000735BBC /* NetworkManager.swift */ = {isa = PBXFileReference; lastKnownFileType = sourcecode.swift; path = NetworkManager.swift; sourceTree = "<group>"; };
		54E355B02AC8535C00735BBC /* NetworkError.swift */ = {isa = PBXFileReference; lastKnownFileType = sourcecode.swift; path = NetworkError.swift; sourceTree = "<group>"; };
		54E355B32AC92FC400735BBC /* NetworkManagerProtocol.swift */ = {isa = PBXFileReference; lastKnownFileType = sourcecode.swift; path = NetworkManagerProtocol.swift; sourceTree = "<group>"; };
		54E355B82AC9306F00735BBC /* UseCaseProtocol.swift */ = {isa = PBXFileReference; lastKnownFileType = sourcecode.swift; path = UseCaseProtocol.swift; sourceTree = "<group>"; };
		54E355BA2AC930D400735BBC /* UseCase.swift */ = {isa = PBXFileReference; lastKnownFileType = sourcecode.swift; path = UseCase.swift; sourceTree = "<group>"; };
		54E355BC2AC9349A00735BBC /* FetchTrendingMovies.swift */ = {isa = PBXFileReference; lastKnownFileType = sourcecode.swift; path = FetchTrendingMovies.swift; sourceTree = "<group>"; };
		54E355BF2AC9551D00735BBC /* HomeRouter.swift */ = {isa = PBXFileReference; lastKnownFileType = sourcecode.swift; path = HomeRouter.swift; sourceTree = "<group>"; };
		54E355C12AC9553500735BBC /* HomeInteractor.swift */ = {isa = PBXFileReference; lastKnownFileType = sourcecode.swift; path = HomeInteractor.swift; sourceTree = "<group>"; };
		54E355C32AC9554600735BBC /* HomePresenter.swift */ = {isa = PBXFileReference; lastKnownFileType = sourcecode.swift; path = HomePresenter.swift; sourceTree = "<group>"; };
		54E355C62AC955AD00735BBC /* HomeRouterProtocol.swift */ = {isa = PBXFileReference; lastKnownFileType = sourcecode.swift; path = HomeRouterProtocol.swift; sourceTree = "<group>"; };
		54E355C92AC956AD00735BBC /* HomeViewControllerProtocol.swift */ = {isa = PBXFileReference; lastKnownFileType = sourcecode.swift; path = HomeViewControllerProtocol.swift; sourceTree = "<group>"; };
		54E355CE2AC9577A00735BBC /* HomePresenterProtocol.swift */ = {isa = PBXFileReference; lastKnownFileType = sourcecode.swift; path = HomePresenterProtocol.swift; sourceTree = "<group>"; };
		54E355D02AC9580E00735BBC /* HomeInteractorInputProtocol.swift */ = {isa = PBXFileReference; lastKnownFileType = sourcecode.swift; path = HomeInteractorInputProtocol.swift; sourceTree = "<group>"; };
		54E355D22AC9583000735BBC /* HomeInteractorOutputProtocol.swift */ = {isa = PBXFileReference; lastKnownFileType = sourcecode.swift; path = HomeInteractorOutputProtocol.swift; sourceTree = "<group>"; };
		54E355D42AC9664E00735BBC /* APIBaseURL.swift */ = {isa = PBXFileReference; lastKnownFileType = sourcecode.swift; path = APIBaseURL.swift; sourceTree = "<group>"; };
		54E355D62AC968A100735BBC /* FetchPoster.swift */ = {isa = PBXFileReference; lastKnownFileType = sourcecode.swift; path = FetchPoster.swift; sourceTree = "<group>"; };
		54E355D92AC9A16500735BBC /* Movie.swift */ = {isa = PBXFileReference; lastKnownFileType = sourcecode.swift; path = Movie.swift; sourceTree = "<group>"; };
		54EAAA532AB5C0440091A383 /* MovieMate.app */ = {isa = PBXFileReference; explicitFileType = wrapper.application; includeInIndex = 0; path = MovieMate.app; sourceTree = BUILT_PRODUCTS_DIR; };
		54EAAA562AB5C0440091A383 /* AppDelegate.swift */ = {isa = PBXFileReference; lastKnownFileType = sourcecode.swift; path = AppDelegate.swift; sourceTree = "<group>"; };
		54EAAA582AB5C0440091A383 /* SceneDelegate.swift */ = {isa = PBXFileReference; lastKnownFileType = sourcecode.swift; path = SceneDelegate.swift; sourceTree = "<group>"; };
		54EAAA5A2AB5C0440091A383 /* HomeViewController.swift */ = {isa = PBXFileReference; lastKnownFileType = sourcecode.swift; path = HomeViewController.swift; sourceTree = "<group>"; };
		54EAAA5F2AB5C0450091A383 /* Assets.xcassets */ = {isa = PBXFileReference; lastKnownFileType = folder.assetcatalog; path = Assets.xcassets; sourceTree = "<group>"; };
		54EAAA622AB5C0450091A383 /* Base */ = {isa = PBXFileReference; lastKnownFileType = file.storyboard; name = Base; path = Base.lproj/LaunchScreen.storyboard; sourceTree = "<group>"; };
		54EAAA642AB5C0450091A383 /* Info.plist */ = {isa = PBXFileReference; lastKnownFileType = text.plist.xml; path = Info.plist; sourceTree = "<group>"; };
		54EAAA6B2AB5C65D0091A383 /* GoogleService-Info.plist */ = {isa = PBXFileReference; fileEncoding = 4; lastKnownFileType = text.plist.xml; path = "GoogleService-Info.plist"; sourceTree = "<group>"; };
		54EAAA702AB607880091A383 /* StartVC.swift */ = {isa = PBXFileReference; lastKnownFileType = sourcecode.swift; path = StartVC.swift; sourceTree = "<group>"; };
		54EAAA732AB707E30091A383 /* SignUpVC.swift */ = {isa = PBXFileReference; lastKnownFileType = sourcecode.swift; path = SignUpVC.swift; sourceTree = "<group>"; };
		54EAAA762AB713F30091A383 /* LoginVC.swift */ = {isa = PBXFileReference; lastKnownFileType = sourcecode.swift; path = LoginVC.swift; sourceTree = "<group>"; };
		54ECF5B92AB88416006F2162 /* UIButton+Extension.swift */ = {isa = PBXFileReference; lastKnownFileType = sourcecode.swift; path = "UIButton+Extension.swift"; sourceTree = "<group>"; };
		54ECF5BB2AB88446006F2162 /* UITextField+Extension.swift */ = {isa = PBXFileReference; lastKnownFileType = sourcecode.swift; path = "UITextField+Extension.swift"; sourceTree = "<group>"; };
		54ECF5BD2AB8873B006F2162 /* Validator.swift */ = {isa = PBXFileReference; lastKnownFileType = sourcecode.swift; path = Validator.swift; sourceTree = "<group>"; };
		54ECF5C02AB8A226006F2162 /* ColorConstants.swift */ = {isa = PBXFileReference; lastKnownFileType = sourcecode.swift; path = ColorConstants.swift; sourceTree = "<group>"; };
		54ECF5C22AB8B34F006F2162 /* ImageConstants.swift */ = {isa = PBXFileReference; lastKnownFileType = sourcecode.swift; path = ImageConstants.swift; sourceTree = "<group>"; };
/* End PBXFileReference section */

/* Begin PBXFrameworksBuildPhase section */
		54EAAA502AB5C0440091A383 /* Frameworks */ = {
			isa = PBXFrameworksBuildPhase;
			buildActionMask = 2147483647;
			files = (
				54EAAA6F2AB5C7D80091A383 /* FirebaseAuth in Frameworks */,
			);
			runOnlyForDeploymentPostprocessing = 0;
		};
/* End PBXFrameworksBuildPhase section */

/* Begin PBXGroup section */
		54E355A92AC84F6B00735BBC /* NetworkLayer */ = {
			isa = PBXGroup;
			children = (
				54E355B22AC92FAC00735BBC /* NetworkManager */,
				54E355D42AC9664E00735BBC /* APIBaseURL.swift */,
				54E355AA2AC84F9200735BBC /* APIEndpoints.swift */,
				54E355AC2AC8513300735BBC /* APIVersions.swift */,
				54E355B02AC8535C00735BBC /* NetworkError.swift */,
			);
			path = NetworkLayer;
			sourceTree = "<group>";
		};
		54E355B22AC92FAC00735BBC /* NetworkManager */ = {
			isa = PBXGroup;
			children = (
				54E355B32AC92FC400735BBC /* NetworkManagerProtocol.swift */,
				54E355AE2AC8533000735BBC /* NetworkManager.swift */,
			);
			path = NetworkManager;
			sourceTree = "<group>";
		};
		54E355B62AC9304500735BBC /* UseCases */ = {
			isa = PBXGroup;
			children = (
				54E355B72AC9305800735BBC /* UseCase */,
				54E355BC2AC9349A00735BBC /* FetchTrendingMovies.swift */,
				54E355D62AC968A100735BBC /* FetchPoster.swift */,
			);
			path = UseCases;
			sourceTree = "<group>";
		};
		54E355B72AC9305800735BBC /* UseCase */ = {
			isa = PBXGroup;
			children = (
				54E355B82AC9306F00735BBC /* UseCaseProtocol.swift */,
				54E355BA2AC930D400735BBC /* UseCase.swift */,
			);
			path = UseCase;
			sourceTree = "<group>";
		};
		54E355BE2AC9550200735BBC /* Home */ = {
			isa = PBXGroup;
			children = (
				54E355C82AC9568700735BBC /* HomeView */,
				54E355CD2AC9574300735BBC /* HomeInteractor */,
				54E355CB2AC9570F00735BBC /* HomePresenter */,
				54E355C52AC9558100735BBC /* HomeRouter */,
			);
			path = Home;
			sourceTree = "<group>";
		};
		54E355C52AC9558100735BBC /* HomeRouter */ = {
			isa = PBXGroup;
			children = (
				54E355BF2AC9551D00735BBC /* HomeRouter.swift */,
				54E355C62AC955AD00735BBC /* HomeRouterProtocol.swift */,
			);
			path = HomeRouter;
			sourceTree = "<group>";
		};
		54E355C82AC9568700735BBC /* HomeView */ = {
			isa = PBXGroup;
			children = (
				54EAAA5A2AB5C0440091A383 /* HomeViewController.swift */,
				54E355C92AC956AD00735BBC /* HomeViewControllerProtocol.swift */,
			);
			path = HomeView;
			sourceTree = "<group>";
		};
		54E355CB2AC9570F00735BBC /* HomePresenter */ = {
			isa = PBXGroup;
			children = (
				54E355C32AC9554600735BBC /* HomePresenter.swift */,
				54E355CE2AC9577A00735BBC /* HomePresenterProtocol.swift */,
			);
			path = HomePresenter;
			sourceTree = "<group>";
		};
		54E355CD2AC9574300735BBC /* HomeInteractor */ = {
			isa = PBXGroup;
			children = (
				54E355C12AC9553500735BBC /* HomeInteractor.swift */,
				54E355D02AC9580E00735BBC /* HomeInteractorInputProtocol.swift */,
				54E355D22AC9583000735BBC /* HomeInteractorOutputProtocol.swift */,
			);
			path = HomeInteractor;
			sourceTree = "<group>";
		};
		54E355D82AC9A15600735BBC /* Entities */ = {
			isa = PBXGroup;
			children = (
				54E355D92AC9A16500735BBC /* Movie.swift */,
			);
			path = Entities;
			sourceTree = "<group>";
		};
		54EAAA4A2AB5C0440091A383 = {
			isa = PBXGroup;
			children = (
				54EAAA552AB5C0440091A383 /* MovieMate */,
				54EAAA542AB5C0440091A383 /* Products */,
			);
			sourceTree = "<group>";
		};
		54EAAA542AB5C0440091A383 /* Products */ = {
			isa = PBXGroup;
			children = (
				54EAAA532AB5C0440091A383 /* MovieMate.app */,
			);
			name = Products;
			sourceTree = "<group>";
		};
		54EAAA552AB5C0440091A383 /* MovieMate */ = {
			isa = PBXGroup;
			children = (
				54E355BE2AC9550200735BBC /* Home */,
				54EAAA722AB707BA0091A383 /* Authentication */,
				54E355D82AC9A15600735BBC /* Entities */,
				54E355B62AC9304500735BBC /* UseCases */,
				54E355A92AC84F6B00735BBC /* NetworkLayer */,
				54EAAA6A2AB5C1150091A383 /* AppDelegate */,
				54ECF5BF2AB8A214006F2162 /* Constants */,
				54ECF5B82AB883D5006F2162 /* Extensions */,
				54EAAA5F2AB5C0450091A383 /* Assets.xcassets */,
				54EAAA612AB5C0450091A383 /* LaunchScreen.storyboard */,
				54EAAA642AB5C0450091A383 /* Info.plist */,
				54EAAA6B2AB5C65D0091A383 /* GoogleService-Info.plist */,
			);
			path = MovieMate;
			sourceTree = "<group>";
		};
		54EAAA6A2AB5C1150091A383 /* AppDelegate */ = {
			isa = PBXGroup;
			children = (
				54EAAA562AB5C0440091A383 /* AppDelegate.swift */,
				54EAAA582AB5C0440091A383 /* SceneDelegate.swift */,
			);
			path = AppDelegate;
			sourceTree = "<group>";
		};
		54EAAA722AB707BA0091A383 /* Authentication */ = {
			isa = PBXGroup;
			children = (
				54EAAA702AB607880091A383 /* StartVC.swift */,
				54EAAA732AB707E30091A383 /* SignUpVC.swift */,
				54EAAA762AB713F30091A383 /* LoginVC.swift */,
				54ECF5BD2AB8873B006F2162 /* Validator.swift */,
			);
			path = Authentication;
			sourceTree = "<group>";
		};
		54ECF5B82AB883D5006F2162 /* Extensions */ = {
			isa = PBXGroup;
			children = (
				54ECF5B92AB88416006F2162 /* UIButton+Extension.swift */,
				54ECF5BB2AB88446006F2162 /* UITextField+Extension.swift */,
			);
			path = Extensions;
			sourceTree = "<group>";
		};
		54ECF5BF2AB8A214006F2162 /* Constants */ = {
			isa = PBXGroup;
			children = (
				54ECF5C02AB8A226006F2162 /* ColorConstants.swift */,
				54ECF5C22AB8B34F006F2162 /* ImageConstants.swift */,
			);
			path = Constants;
			sourceTree = "<group>";
		};
/* End PBXGroup section */

/* Begin PBXNativeTarget section */
		54EAAA522AB5C0440091A383 /* MovieMate */ = {
			isa = PBXNativeTarget;
			buildConfigurationList = 54EAAA672AB5C0450091A383 /* Build configuration list for PBXNativeTarget "MovieMate" */;
			buildPhases = (
				54EAAA4F2AB5C0440091A383 /* Sources */,
				54EAAA502AB5C0440091A383 /* Frameworks */,
				54EAAA512AB5C0440091A383 /* Resources */,
			);
			buildRules = (
			);
			dependencies = (
			);
			name = MovieMate;
			packageProductDependencies = (
				54EAAA6E2AB5C7D80091A383 /* FirebaseAuth */,
			);
			productName = MovieMate;
			productReference = 54EAAA532AB5C0440091A383 /* MovieMate.app */;
			productType = "com.apple.product-type.application";
		};
/* End PBXNativeTarget section */

/* Begin PBXProject section */
		54EAAA4B2AB5C0440091A383 /* Project object */ = {
			isa = PBXProject;
			attributes = {
				BuildIndependentTargetsInParallel = 1;
				LastSwiftUpdateCheck = 1430;
				LastUpgradeCheck = 1430;
				TargetAttributes = {
					54EAAA522AB5C0440091A383 = {
						CreatedOnToolsVersion = 14.3.1;
					};
				};
			};
			buildConfigurationList = 54EAAA4E2AB5C0440091A383 /* Build configuration list for PBXProject "MovieMate" */;
			compatibilityVersion = "Xcode 14.0";
			developmentRegion = en;
			hasScannedForEncodings = 0;
			knownRegions = (
				en,
				Base,
			);
			mainGroup = 54EAAA4A2AB5C0440091A383;
			packageReferences = (
				54EAAA6D2AB5C7D80091A383 /* XCRemoteSwiftPackageReference "firebase-ios-sdk" */,
			);
			productRefGroup = 54EAAA542AB5C0440091A383 /* Products */;
			projectDirPath = "";
			projectRoot = "";
			targets = (
				54EAAA522AB5C0440091A383 /* MovieMate */,
			);
		};
/* End PBXProject section */

/* Begin PBXResourcesBuildPhase section */
		54EAAA512AB5C0440091A383 /* Resources */ = {
			isa = PBXResourcesBuildPhase;
			buildActionMask = 2147483647;
			files = (
				54EAAA632AB5C0450091A383 /* LaunchScreen.storyboard in Resources */,
				54EAAA602AB5C0450091A383 /* Assets.xcassets in Resources */,
				54EAAA6C2AB5C65E0091A383 /* GoogleService-Info.plist in Resources */,
			);
			runOnlyForDeploymentPostprocessing = 0;
		};
/* End PBXResourcesBuildPhase section */

/* Begin PBXSourcesBuildPhase section */
		54EAAA4F2AB5C0440091A383 /* Sources */ = {
			isa = PBXSourcesBuildPhase;
			buildActionMask = 2147483647;
			files = (
				54EAAA5B2AB5C0440091A383 /* HomeViewController.swift in Sources */,
				54ECF5BE2AB8873B006F2162 /* Validator.swift in Sources */,
				54E355CA2AC956AD00735BBC /* HomeViewControllerProtocol.swift in Sources */,
				54EAAA572AB5C0440091A383 /* AppDelegate.swift in Sources */,
				54E355AB2AC84F9200735BBC /* APIEndpoints.swift in Sources */,
				54E355BD2AC9349A00735BBC /* FetchTrendingMovies.swift in Sources */,
				54E355D32AC9583000735BBC /* HomeInteractorOutputProtocol.swift in Sources */,
				54ECF5C12AB8A226006F2162 /* ColorConstants.swift in Sources */,
				54E355C22AC9553500735BBC /* HomeInteractor.swift in Sources */,
				54ECF5C32AB8B34F006F2162 /* ImageConstants.swift in Sources */,
				54E355AD2AC8513300735BBC /* APIVersions.swift in Sources */,
				54EAAA772AB713F30091A383 /* LoginVC.swift in Sources */,
				54E355C02AC9551D00735BBC /* HomeRouter.swift in Sources */,
				54EAAA592AB5C0440091A383 /* SceneDelegate.swift in Sources */,
				54E355DA2AC9A16500735BBC /* Movie.swift in Sources */,
				54E355D72AC968A100735BBC /* FetchPoster.swift in Sources */,
				54E355B12AC8535C00735BBC /* NetworkError.swift in Sources */,
				54E355D52AC9664E00735BBC /* APIBaseURL.swift in Sources */,
				54E355D12AC9580E00735BBC /* HomeInteractorInputProtocol.swift in Sources */,
				54EAAA742AB707E30091A383 /* SignUpVC.swift in Sources */,
				54E355AF2AC8533000735BBC /* NetworkManager.swift in Sources */,
				54E355B92AC9306F00735BBC /* UseCaseProtocol.swift in Sources */,
				54ECF5BC2AB88446006F2162 /* UITextField+Extension.swift in Sources */,
				54EAAA712AB607880091A383 /* StartVC.swift in Sources */,
				54E355CF2AC9577A00735BBC /* HomePresenterProtocol.swift in Sources */,
				54E355BB2AC930D400735BBC /* UseCase.swift in Sources */,
				54E355B42AC92FC400735BBC /* NetworkManagerProtocol.swift in Sources */,
				54ECF5BA2AB88416006F2162 /* UIButton+Extension.swift in Sources */,
				54E355C72AC955AD00735BBC /* HomeRouterProtocol.swift in Sources */,
				54E355C42AC9554600735BBC /* HomePresenter.swift in Sources */,
			);
			runOnlyForDeploymentPostprocessing = 0;
		};
/* End PBXSourcesBuildPhase section */

/* Begin PBXVariantGroup section */
		54EAAA612AB5C0450091A383 /* LaunchScreen.storyboard */ = {
			isa = PBXVariantGroup;
			children = (
				54EAAA622AB5C0450091A383 /* Base */,
			);
			name = LaunchScreen.storyboard;
			sourceTree = "<group>";
		};
/* End PBXVariantGroup section */

/* Begin XCBuildConfiguration section */
		54EAAA652AB5C0450091A383 /* Debug */ = {
			isa = XCBuildConfiguration;
			buildSettings = {
				ALWAYS_SEARCH_USER_PATHS = NO;
				CLANG_ANALYZER_NONNULL = YES;
				CLANG_ANALYZER_NUMBER_OBJECT_CONVERSION = YES_AGGRESSIVE;
				CLANG_CXX_LANGUAGE_STANDARD = "gnu++20";
				CLANG_ENABLE_MODULES = YES;
				CLANG_ENABLE_OBJC_ARC = YES;
				CLANG_ENABLE_OBJC_WEAK = YES;
				CLANG_WARN_BLOCK_CAPTURE_AUTORELEASING = YES;
				CLANG_WARN_BOOL_CONVERSION = YES;
				CLANG_WARN_COMMA = YES;
				CLANG_WARN_CONSTANT_CONVERSION = YES;
				CLANG_WARN_DEPRECATED_OBJC_IMPLEMENTATIONS = YES;
				CLANG_WARN_DIRECT_OBJC_ISA_USAGE = YES_ERROR;
				CLANG_WARN_DOCUMENTATION_COMMENTS = YES;
				CLANG_WARN_EMPTY_BODY = YES;
				CLANG_WARN_ENUM_CONVERSION = YES;
				CLANG_WARN_INFINITE_RECURSION = YES;
				CLANG_WARN_INT_CONVERSION = YES;
				CLANG_WARN_NON_LITERAL_NULL_CONVERSION = YES;
				CLANG_WARN_OBJC_IMPLICIT_RETAIN_SELF = YES;
				CLANG_WARN_OBJC_LITERAL_CONVERSION = YES;
				CLANG_WARN_OBJC_ROOT_CLASS = YES_ERROR;
				CLANG_WARN_QUOTED_INCLUDE_IN_FRAMEWORK_HEADER = YES;
				CLANG_WARN_RANGE_LOOP_ANALYSIS = YES;
				CLANG_WARN_STRICT_PROTOTYPES = YES;
				CLANG_WARN_SUSPICIOUS_MOVE = YES;
				CLANG_WARN_UNGUARDED_AVAILABILITY = YES_AGGRESSIVE;
				CLANG_WARN_UNREACHABLE_CODE = YES;
				CLANG_WARN__DUPLICATE_METHOD_MATCH = YES;
				COPY_PHASE_STRIP = NO;
				DEBUG_INFORMATION_FORMAT = dwarf;
				ENABLE_STRICT_OBJC_MSGSEND = YES;
				ENABLE_TESTABILITY = YES;
				GCC_C_LANGUAGE_STANDARD = gnu11;
				GCC_DYNAMIC_NO_PIC = NO;
				GCC_NO_COMMON_BLOCKS = YES;
				GCC_OPTIMIZATION_LEVEL = 0;
				GCC_PREPROCESSOR_DEFINITIONS = (
					"DEBUG=1",
					"$(inherited)",
				);
				GCC_WARN_64_TO_32_BIT_CONVERSION = YES;
				GCC_WARN_ABOUT_RETURN_TYPE = YES_ERROR;
				GCC_WARN_UNDECLARED_SELECTOR = YES;
				GCC_WARN_UNINITIALIZED_AUTOS = YES_AGGRESSIVE;
				GCC_WARN_UNUSED_FUNCTION = YES;
				GCC_WARN_UNUSED_VARIABLE = YES;
				IPHONEOS_DEPLOYMENT_TARGET = 16.2;
				MTL_ENABLE_DEBUG_INFO = INCLUDE_SOURCE;
				MTL_FAST_MATH = YES;
				ONLY_ACTIVE_ARCH = YES;
				SDKROOT = iphoneos;
				SWIFT_ACTIVE_COMPILATION_CONDITIONS = DEBUG;
				SWIFT_OPTIMIZATION_LEVEL = "-Onone";
			};
			name = Debug;
		};
		54EAAA662AB5C0450091A383 /* Release */ = {
			isa = XCBuildConfiguration;
			buildSettings = {
				ALWAYS_SEARCH_USER_PATHS = NO;
				CLANG_ANALYZER_NONNULL = YES;
				CLANG_ANALYZER_NUMBER_OBJECT_CONVERSION = YES_AGGRESSIVE;
				CLANG_CXX_LANGUAGE_STANDARD = "gnu++20";
				CLANG_ENABLE_MODULES = YES;
				CLANG_ENABLE_OBJC_ARC = YES;
				CLANG_ENABLE_OBJC_WEAK = YES;
				CLANG_WARN_BLOCK_CAPTURE_AUTORELEASING = YES;
				CLANG_WARN_BOOL_CONVERSION = YES;
				CLANG_WARN_COMMA = YES;
				CLANG_WARN_CONSTANT_CONVERSION = YES;
				CLANG_WARN_DEPRECATED_OBJC_IMPLEMENTATIONS = YES;
				CLANG_WARN_DIRECT_OBJC_ISA_USAGE = YES_ERROR;
				CLANG_WARN_DOCUMENTATION_COMMENTS = YES;
				CLANG_WARN_EMPTY_BODY = YES;
				CLANG_WARN_ENUM_CONVERSION = YES;
				CLANG_WARN_INFINITE_RECURSION = YES;
				CLANG_WARN_INT_CONVERSION = YES;
				CLANG_WARN_NON_LITERAL_NULL_CONVERSION = YES;
				CLANG_WARN_OBJC_IMPLICIT_RETAIN_SELF = YES;
				CLANG_WARN_OBJC_LITERAL_CONVERSION = YES;
				CLANG_WARN_OBJC_ROOT_CLASS = YES_ERROR;
				CLANG_WARN_QUOTED_INCLUDE_IN_FRAMEWORK_HEADER = YES;
				CLANG_WARN_RANGE_LOOP_ANALYSIS = YES;
				CLANG_WARN_STRICT_PROTOTYPES = YES;
				CLANG_WARN_SUSPICIOUS_MOVE = YES;
				CLANG_WARN_UNGUARDED_AVAILABILITY = YES_AGGRESSIVE;
				CLANG_WARN_UNREACHABLE_CODE = YES;
				CLANG_WARN__DUPLICATE_METHOD_MATCH = YES;
				COPY_PHASE_STRIP = NO;
				DEBUG_INFORMATION_FORMAT = "dwarf-with-dsym";
				ENABLE_NS_ASSERTIONS = NO;
				ENABLE_STRICT_OBJC_MSGSEND = YES;
				GCC_C_LANGUAGE_STANDARD = gnu11;
				GCC_NO_COMMON_BLOCKS = YES;
				GCC_WARN_64_TO_32_BIT_CONVERSION = YES;
				GCC_WARN_ABOUT_RETURN_TYPE = YES_ERROR;
				GCC_WARN_UNDECLARED_SELECTOR = YES;
				GCC_WARN_UNINITIALIZED_AUTOS = YES_AGGRESSIVE;
				GCC_WARN_UNUSED_FUNCTION = YES;
				GCC_WARN_UNUSED_VARIABLE = YES;
				IPHONEOS_DEPLOYMENT_TARGET = 16.2;
				MTL_ENABLE_DEBUG_INFO = NO;
				MTL_FAST_MATH = YES;
				SDKROOT = iphoneos;
				SWIFT_COMPILATION_MODE = wholemodule;
				SWIFT_OPTIMIZATION_LEVEL = "-O";
				VALIDATE_PRODUCT = YES;
			};
			name = Release;
		};
		54EAAA682AB5C0450091A383 /* Debug */ = {
			isa = XCBuildConfiguration;
			buildSettings = {
				ASSETCATALOG_COMPILER_APPICON_NAME = AppIcon;
				ASSETCATALOG_COMPILER_GLOBAL_ACCENT_COLOR_NAME = AccentColor;
				CODE_SIGN_STYLE = Automatic;
				CURRENT_PROJECT_VERSION = 1;
				DEVELOPMENT_TEAM = K883F3UFX3;
				GENERATE_INFOPLIST_FILE = YES;
				INFOPLIST_FILE = MovieMate/Info.plist;
				INFOPLIST_KEY_CFBundleDisplayName = "Movie Mate";
				INFOPLIST_KEY_LSApplicationCategoryType = "public.app-category.entertainment";
				INFOPLIST_KEY_UIApplicationSupportsIndirectInputEvents = YES;
				INFOPLIST_KEY_UILaunchStoryboardName = LaunchScreen;
				INFOPLIST_KEY_UISupportedInterfaceOrientations = UIInterfaceOrientationPortrait;
				INFOPLIST_KEY_UISupportedInterfaceOrientations_iPad = "UIInterfaceOrientationLandscapeLeft UIInterfaceOrientationLandscapeRight UIInterfaceOrientationPortrait UIInterfaceOrientationPortraitUpsideDown";
				IPHONEOS_DEPLOYMENT_TARGET = 16.2;
				LD_RUNPATH_SEARCH_PATHS = (
					"$(inherited)",
					"@executable_path/Frameworks",
				);
				MARKETING_VERSION = 1.0;
				PRODUCT_BUNDLE_IDENTIFIER = com.hussainyasir23.MovieMate;
				PRODUCT_NAME = "$(TARGET_NAME)";
				SWIFT_EMIT_LOC_STRINGS = YES;
				SWIFT_VERSION = 5.0;
				TARGETED_DEVICE_FAMILY = "1,2";
			};
			name = Debug;
		};
		54EAAA692AB5C0450091A383 /* Release */ = {
			isa = XCBuildConfiguration;
			buildSettings = {
				ASSETCATALOG_COMPILER_APPICON_NAME = AppIcon;
				ASSETCATALOG_COMPILER_GLOBAL_ACCENT_COLOR_NAME = AccentColor;
				CODE_SIGN_STYLE = Automatic;
				CURRENT_PROJECT_VERSION = 1;
				DEVELOPMENT_TEAM = K883F3UFX3;
				GENERATE_INFOPLIST_FILE = YES;
				INFOPLIST_FILE = MovieMate/Info.plist;
				INFOPLIST_KEY_CFBundleDisplayName = "Movie Mate";
				INFOPLIST_KEY_LSApplicationCategoryType = "public.app-category.entertainment";
				INFOPLIST_KEY_UIApplicationSupportsIndirectInputEvents = YES;
				INFOPLIST_KEY_UILaunchStoryboardName = LaunchScreen;
				INFOPLIST_KEY_UISupportedInterfaceOrientations = UIInterfaceOrientationPortrait;
				INFOPLIST_KEY_UISupportedInterfaceOrientations_iPad = "UIInterfaceOrientationLandscapeLeft UIInterfaceOrientationLandscapeRight UIInterfaceOrientationPortrait UIInterfaceOrientationPortraitUpsideDown";
				IPHONEOS_DEPLOYMENT_TARGET = 16.2;
				LD_RUNPATH_SEARCH_PATHS = (
					"$(inherited)",
					"@executable_path/Frameworks",
				);
				MARKETING_VERSION = 1.0;
				PRODUCT_BUNDLE_IDENTIFIER = com.hussainyasir23.MovieMate;
				PRODUCT_NAME = "$(TARGET_NAME)";
				SWIFT_EMIT_LOC_STRINGS = YES;
				SWIFT_VERSION = 5.0;
				TARGETED_DEVICE_FAMILY = "1,2";
			};
			name = Release;
		};
/* End XCBuildConfiguration section */

/* Begin XCConfigurationList section */
		54EAAA4E2AB5C0440091A383 /* Build configuration list for PBXProject "MovieMate" */ = {
			isa = XCConfigurationList;
			buildConfigurations = (
				54EAAA652AB5C0450091A383 /* Debug */,
				54EAAA662AB5C0450091A383 /* Release */,
			);
			defaultConfigurationIsVisible = 0;
			defaultConfigurationName = Release;
		};
		54EAAA672AB5C0450091A383 /* Build configuration list for PBXNativeTarget "MovieMate" */ = {
			isa = XCConfigurationList;
			buildConfigurations = (
				54EAAA682AB5C0450091A383 /* Debug */,
				54EAAA692AB5C0450091A383 /* Release */,
			);
			defaultConfigurationIsVisible = 0;
			defaultConfigurationName = Release;
		};
/* End XCConfigurationList section */

/* Begin XCRemoteSwiftPackageReference section */
		54EAAA6D2AB5C7D80091A383 /* XCRemoteSwiftPackageReference "firebase-ios-sdk" */ = {
			isa = XCRemoteSwiftPackageReference;
			repositoryURL = "https://github.com/firebase/firebase-ios-sdk";
			requirement = {
				kind = upToNextMajorVersion;
				minimumVersion = 10.0.0;
			};
		};
/* End XCRemoteSwiftPackageReference section */

/* Begin XCSwiftPackageProductDependency section */
		54EAAA6E2AB5C7D80091A383 /* FirebaseAuth */ = {
			isa = XCSwiftPackageProductDependency;
			package = 54EAAA6D2AB5C7D80091A383 /* XCRemoteSwiftPackageReference "firebase-ios-sdk" */;
			productName = FirebaseAuth;
		};
/* End XCSwiftPackageProductDependency section */
	};
	rootObject = 54EAAA4B2AB5C0440091A383 /* Project object */;
}
